
Microsoft Visual Studio Solution File, Format Version 12.00
# Visual Studio Version 16
VisualStudioVersion = 16.0.33328.57
MinimumVisualStudioVersion = 10.0.40219.1
Project("{888888A0-9F3D-457C-B088-3A5042F75D52}") = "Week_9_Phase_4", "Week_9_Phase_4.pyproj", "{0B5E95BA-6F7E-4EDD-9B0D-E8116AB2FFFB}"
EndProject
Global
	GlobalSection(SolutionConfigurationPlatforms) = preSolution
		Debug|Any CPU = Debug|Any CPU
		Release|Any CPU = Release|Any CPU
	EndGlobalSection
	GlobalSection(ProjectConfigurationPlatforms) = postSolution
		{0B5E95BA-6F7E-4EDD-9B0D-E8116AB2FFFB}.Debug|Any CPU.ActiveCfg = Debug|Any CPU
		{0B5E95BA-6F7E-4EDD-9B0D-E8116AB2FFFB}.Release|Any CPU.ActiveCfg = Release|Any CPU
	EndGlobalSection
	GlobalSection(SolutionProperties) = preSolution
		HideSolutionNode = FALSE
	EndGlobalSection
	GlobalSection(ExtensibilityGlobals) = postSolution
		SolutionGuid = {584AD2AF-0CC0-4C13-9142-703205F71F49}
	EndGlobalSection
EndGlobal
